
Microsoft Visual Studio Solution File, Format Version 12.00
# Visual Studio Version 16
VisualStudioVersion = 16.0.30804.86
MinimumVisualStudioVersion = 10.0.40219.1
Project("{FAE04EC0-301F-11D3-BF4B-00C04F79EFBC}") = "TemplateTest.Android", "TemplateTest.Android\TemplateTest.Android.csproj", "{E24A2A9E-9129-46A7-9BC5-3C804A5A3F89}"
EndProject
Project("{FAE04EC0-301F-11D3-BF4B-00C04F79EFBC}") = "TemplateTest.iOS", "TemplateTest.iOS\TemplateTest.iOS.csproj", "{75A04423-6FEA-4E5D-B6EE-020F9B148307}"
EndProject
Project("{FAE04EC0-301F-11D3-BF4B-00C04F79EFBC}") = "TemplateTest", "TemplateTest\TemplateTest.csproj", "{516ACD76-7134-424B-9667-6A3386F3027E}"
EndProject
Global
	GlobalSection(SolutionConfigurationPlatforms) = preSolution
		Debug|Any CPU = Debug|Any CPU
		Debug|iPhone = Debug|iPhone
		Debug|iPhoneSimulator = Debug|iPhoneSimulator
		Release|Any CPU = Release|Any CPU
		Release|iPhone = Release|iPhone
		Release|iPhoneSimulator = Release|iPhoneSimulator
	EndGlobalSection
	GlobalSection(ProjectConfigurationPlatforms) = postSolution
		{E24A2A9E-9129-46A7-9BC5-3C804A5A3F89}.Debug|Any CPU.ActiveCfg = Debug|Any CPU
		{E24A2A9E-9129-46A7-9BC5-3C804A5A3F89}.Debug|Any CPU.Build.0 = Debug|Any CPU
		{E24A2A9E-9129-46A7-9BC5-3C804A5A3F89}.Debug|Any CPU.Deploy.0 = Debug|Any CPU
		{E24A2A9E-9129-46A7-9BC5-3C804A5A3F89}.Debug|iPhone.ActiveCfg = Debug|Any CPU
		{E24A2A9E-9129-46A7-9BC5-3C804A5A3F89}.Debug|iPhone.Build.0 = Debug|Any CPU
		{E24A2A9E-9129-46A7-9BC5-3C804A5A3F89}.Debug|iPhone.Deploy.0 = Debug|Any CPU
		{E24A2A9E-9129-46A7-9BC5-3C804A5A3F89}.Debug|iPhoneSimulator.ActiveCfg = Debug|Any CPU
		{E24A2A9E-9129-46A7-9BC5-3C804A5A3F89}.Debug|iPhoneSimulator.Build.0 = Debug|Any CPU
		{E24A2A9E-9129-46A7-9BC5-3C804A5A3F89}.Debug|iPhoneSimulator.Deploy.0 = Debug|Any CPU
		{E24A2A9E-9129-46A7-9BC5-3C804A5A3F89}.Release|Any CPU.ActiveCfg = Release|Any CPU
		{E24A2A9E-9129-46A7-9BC5-3C804A5A3F89}.Release|Any CPU.Build.0 = Release|Any CPU
		{E24A2A9E-9129-46A7-9BC5-3C804A5A3F89}.Release|Any CPU.Deploy.0 = Release|Any CPU
		{E24A2A9E-9129-46A7-9BC5-3C804A5A3F89}.Release|iPhone.ActiveCfg = Release|Any CPU
		{E24A2A9E-9129-46A7-9BC5-3C804A5A3F89}.Release|iPhone.Build.0 = Release|Any CPU
		{E24A2A9E-9129-46A7-9BC5-3C804A5A3F89}.Release|iPhone.Deploy.0 = Release|Any CPU
		{E24A2A9E-9129-46A7-9BC5-3C804A5A3F89}.Release|iPhoneSimulator.ActiveCfg = Release|Any CPU
		{E24A2A9E-9129-46A7-9BC5-3C804A5A3F89}.Release|iPhoneSimulator.Build.0 = Release|Any CPU
		{E24A2A9E-9129-46A7-9BC5-3C804A5A3F89}.Release|iPhoneSimulator.Deploy.0 = Release|Any CPU
		{75A04423-6FEA-4E5D-B6EE-020F9B148307}.Debug|Any CPU.ActiveCfg = Debug|iPhone
		{75A04423-6FEA-4E5D-B6EE-020F9B148307}.Debug|Any CPU.Build.0 = Debug|iPhone
		{75A04423-6FEA-4E5D-B6EE-020F9B148307}.Debug|Any CPU.Deploy.0 = Debug|iPhone
		{75A04423-6FEA-4E5D-B6EE-020F9B148307}.Debug|iPhone.ActiveCfg = Debug|iPhone
		{75A04423-6FEA-4E5D-B6EE-020F9B148307}.Debug|iPhone.Build.0 = Debug|iPhone
		{75A04423-6FEA-4E5D-B6EE-020F9B148307}.Debug|iPhone.Deploy.0 = Debug|iPhone
		{75A04423-6FEA-4E5D-B6EE-020F9B148307}.Debug|iPhoneSimulator.ActiveCfg = Debug|iPhoneSimulator
		{75A04423-6FEA-4E5D-B6EE-020F9B148307}.Debug|iPhoneSimulator.Build.0 = Debug|iPhoneSimulator
		{75A04423-6FEA-4E5D-B6EE-020F9B148307}.Debug|iPhoneSimulator.Deploy.0 = Debug|iPhoneSimulator
		{75A04423-6FEA-4E5D-B6EE-020F9B148307}.Release|Any CPU.ActiveCfg = Release|iPhoneSimulator
		{75A04423-6FEA-4E5D-B6EE-020F9B148307}.Release|Any CPU.Build.0 = Release|iPhoneSimulator
		{75A04423-6FEA-4E5D-B6EE-020F9B148307}.Release|Any CPU.Deploy.0 = Release|iPhoneSimulator
		{75A04423-6FEA-4E5D-B6EE-020F9B148307}.Release|iPhone.ActiveCfg = Release|iPhone
		{75A04423-6FEA-4E5D-B6EE-020F9B148307}.Release|iPhone.Build.0 = Release|iPhone
		{75A04423-6FEA-4E5D-B6EE-020F9B148307}.Release|iPhone.Deploy.0 = Release|iPhone
		{75A04423-6FEA-4E5D-B6EE-020F9B148307}.Release|iPhoneSimulator.ActiveCfg = Release|iPhoneSimulator
		{75A04423-6FEA-4E5D-B6EE-020F9B148307}.Release|iPhoneSimulator.Build.0 = Release|iPhoneSimulator
		{75A04423-6FEA-4E5D-B6EE-020F9B148307}.Release|iPhoneSimulator.Deploy.0 = Release|iPhoneSimulator
		{516ACD76-7134-424B-9667-6A3386F3027E}.Debug|Any CPU.ActiveCfg = Debug|Any CPU
		{516ACD76-7134-424B-9667-6A3386F3027E}.Debug|Any CPU.Build.0 = Debug|Any CPU
		{516ACD76-7134-424B-9667-6A3386F3027E}.Debug|Any CPU.Deploy.0 = Debug|Any CPU
		{516ACD76-7134-424B-9667-6A3386F3027E}.Debug|iPhone.ActiveCfg = Debug|Any CPU
		{516ACD76-7134-424B-9667-6A3386F3027E}.Debug|iPhone.Build.0 = Debug|Any CPU
		{516ACD76-7134-424B-9667-6A3386F3027E}.Debug|iPhone.Deploy.0 = Debug|Any CPU
		{516ACD76-7134-424B-9667-6A3386F3027E}.Debug|iPhoneSimulator.ActiveCfg = Debug|Any CPU
		{516ACD76-7134-424B-9667-6A3386F3027E}.Debug|iPhoneSimulator.Build.0 = Debug|Any CPU
		{516ACD76-7134-424B-9667-6A3386F3027E}.Debug|iPhoneSimulator.Deploy.0 = Debug|Any CPU
		{516ACD76-7134-424B-9667-6A3386F3027E}.Release|Any CPU.ActiveCfg = Release|Any CPU
		{516ACD76-7134-424B-9667-6A3386F3027E}.Release|Any CPU.Build.0 = Release|Any CPU
		{516ACD76-7134-424B-9667-6A3386F3027E}.Release|Any CPU.Deploy.0 = Release|Any CPU
		{516ACD76-7134-424B-9667-6A3386F3027E}.Release|iPhone.ActiveCfg = Release|Any CPU
		{516ACD76-7134-424B-9667-6A3386F3027E}.Release|iPhone.Build.0 = Release|Any CPU
		{516ACD76-7134-424B-9667-6A3386F3027E}.Release|iPhone.Deploy.0 = Release|Any CPU
		{516ACD76-7134-424B-9667-6A3386F3027E}.Release|iPhoneSimulator.ActiveCfg = Release|Any CPU
		{516ACD76-7134-424B-9667-6A3386F3027E}.Release|iPhoneSimulator.Build.0 = Release|Any CPU
		{516ACD76-7134-424B-9667-6A3386F3027E}.Release|iPhoneSimulator.Deploy.0 = Release|Any CPU
	EndGlobalSection
	GlobalSection(SolutionProperties) = preSolution
		HideSolutionNode = FALSE
	EndGlobalSection
	GlobalSection(ExtensibilityGlobals) = postSolution
		SolutionGuid = {68364784-FC23-4E7E-AE7C-0ED3CDEA39E1}
	EndGlobalSection
EndGlobal
